
Microsoft Visual Studio Solution File, Format Version 12.00
# Visual Studio Version 16
VisualStudioVersion = 16.0.29806.167
MinimumVisualStudioVersion = 10.0.40219.1
Project("{8BC9CEB8-8B4A-11D0-8D11-00A0C91BC942}") = "k2win32", "lib\k2win32\k2win32.vcxproj", "{4064DEED-563A-4591-9F7E-2F49FF44A567}"
	ProjectSection(ProjectDependencies) = postProject
		{D02C1F5F-80C9-46F3-80D9-63450D5131A4} = {D02C1F5F-80C9-46F3-80D9-63450D5131A4}
		{267CCEBF-DF59-4446-A328-E2A92D4741EC} = {267CCEBF-DF59-4446-A328-E2A92D4741EC}
		{9A213BDB-4CA5-4EF7-A331-8878F5CF3214} = {9A213BDB-4CA5-4EF7-A331-8878F5CF3214}
	EndProjectSection
EndProject
Project("{8BC9CEB8-8B4A-11D0-8D11-00A0C91BC942}") = "k2mem", "lib\k2mem\k2mem.vcxproj", "{267CCEBF-DF59-4446-A328-E2A92D4741EC}"
EndProject
Project("{8BC9CEB8-8B4A-11D0-8D11-00A0C91BC942}") = "k2parse", "lib\k2parse\k2parse.vcxproj", "{9A213BDB-4CA5-4EF7-A331-8878F5CF3214}"
	ProjectSection(ProjectDependencies) = postProject
		{6470889E-25F9-45B9-A1F2-883D87C73ACF} = {6470889E-25F9-45B9-A1F2-883D87C73ACF}
	EndProjectSection
EndProject
Project("{8BC9CEB8-8B4A-11D0-8D11-00A0C91BC942}") = "k2asc", "lib\k2asc\k2asc.vcxproj", "{6470889E-25F9-45B9-A1F2-883D87C73ACF}"
EndProject
Project("{8BC9CEB8-8B4A-11D0-8D11-00A0C91BC942}") = "k2atomic", "lib\k2atomic\k2atomic.vcxproj", "{D02C1F5F-80C9-46F3-80D9-63450D5131A4}"
EndProject
Project("{8BC9CEB8-8B4A-11D0-8D11-00A0C91BC942}") = "k2elf32", "lib\k2elf32\k2elf32.vcxproj", "{259C36B7-6772-478F-96EF-65F8264F6845}"
	ProjectSection(ProjectDependencies) = postProject
		{D02C1F5F-80C9-46F3-80D9-63450D5131A4} = {D02C1F5F-80C9-46F3-80D9-63450D5131A4}
		{267CCEBF-DF59-4446-A328-E2A92D4741EC} = {267CCEBF-DF59-4446-A328-E2A92D4741EC}
	EndProjectSection
EndProject
Project("{8BC9CEB8-8B4A-11D0-8D11-00A0C91BC942}") = "k2dumpelf", "exe\k2dumpelf\k2dumpelf.vcxproj", "{2091B33B-A749-4936-9ECB-2DD89C04535B}"
	ProjectSection(ProjectDependencies) = postProject
		{30C9F540-AE50-4E53-AB8D-154DE959D486} = {30C9F540-AE50-4E53-AB8D-154DE959D486}
		{259C36B7-6772-478F-96EF-65F8264F6845} = {259C36B7-6772-478F-96EF-65F8264F6845}
		{4064DEED-563A-4591-9F7E-2F49FF44A567} = {4064DEED-563A-4591-9F7E-2F49FF44A567}
	EndProjectSection
EndProject
Project("{8BC9CEB8-8B4A-11D0-8D11-00A0C91BC942}") = "k2export", "exe\k2export\k2export.vcxproj", "{2093A6A0-66C5-4FCE-8613-24C305DE5CE6}"
	ProjectSection(ProjectDependencies) = postProject
		{6470889E-25F9-45B9-A1F2-883D87C73ACF} = {6470889E-25F9-45B9-A1F2-883D87C73ACF}
		{FC3D69B2-C147-4D71-BB7C-A46D805E039A} = {FC3D69B2-C147-4D71-BB7C-A46D805E039A}
		{259C36B7-6772-478F-96EF-65F8264F6845} = {259C36B7-6772-478F-96EF-65F8264F6845}
		{267CCEBF-DF59-4446-A328-E2A92D4741EC} = {267CCEBF-DF59-4446-A328-E2A92D4741EC}
		{9A213BDB-4CA5-4EF7-A331-8878F5CF3214} = {9A213BDB-4CA5-4EF7-A331-8878F5CF3214}
		{9EB902DD-3325-4F4C-A160-3595DD71BDA5} = {9EB902DD-3325-4F4C-A160-3595DD71BDA5}
		{4064DEED-563A-4591-9F7E-2F49FF44A567} = {4064DEED-563A-4591-9F7E-2F49FF44A567}
	EndProjectSection
EndProject
Project("{8BC9CEB8-8B4A-11D0-8D11-00A0C91BC942}") = "k2crc", "lib\k2crc\k2crc.vcxproj", "{9EB902DD-3325-4F4C-A160-3595DD71BDA5}"
EndProject
Project("{8BC9CEB8-8B4A-11D0-8D11-00A0C91BC942}") = "k2tree", "lib\k2tree\k2tree.vcxproj", "{FC3D69B2-C147-4D71-BB7C-A46D805E039A}"
EndProject
Project("{8BC9CEB8-8B4A-11D0-8D11-00A0C91BC942}") = "k2list", "lib\k2list\k2list.vcxproj", "{36E23D19-F314-4656-9BDC-FE11D41EF830}"
EndProject
Project("{8BC9CEB8-8B4A-11D0-8D11-00A0C91BC942}") = "k2elf2dlx", "exe\k2elf2dlx\k2elf2dlx.vcxproj", "{F47AFB40-840B-453A-A4D9-FFA5318E5555}"
	ProjectSection(ProjectDependencies) = postProject
		{6470889E-25F9-45B9-A1F2-883D87C73ACF} = {6470889E-25F9-45B9-A1F2-883D87C73ACF}
		{FC3D69B2-C147-4D71-BB7C-A46D805E039A} = {FC3D69B2-C147-4D71-BB7C-A46D805E039A}
		{259C36B7-6772-478F-96EF-65F8264F6845} = {259C36B7-6772-478F-96EF-65F8264F6845}
		{267CCEBF-DF59-4446-A328-E2A92D4741EC} = {267CCEBF-DF59-4446-A328-E2A92D4741EC}
		{9EB902DD-3325-4F4C-A160-3595DD71BDA5} = {9EB902DD-3325-4F4C-A160-3595DD71BDA5}
		{4064DEED-563A-4591-9F7E-2F49FF44A567} = {4064DEED-563A-4591-9F7E-2F49FF44A567}
	EndProjectSection
EndProject
Project("{8BC9CEB8-8B4A-11D0-8D11-00A0C91BC942}") = "k2dlxsupp", "lib\k2dlxsupp\k2dlxsupp.vcxproj", "{CA8710E7-AB7E-4C90-9369-1F1A4E65DEC0}"
	ProjectSection(ProjectDependencies) = postProject
		{36E23D19-F314-4656-9BDC-FE11D41EF830} = {36E23D19-F314-4656-9BDC-FE11D41EF830}
		{6470889E-25F9-45B9-A1F2-883D87C73ACF} = {6470889E-25F9-45B9-A1F2-883D87C73ACF}
		{FC3D69B2-C147-4D71-BB7C-A46D805E039A} = {FC3D69B2-C147-4D71-BB7C-A46D805E039A}
		{259C36B7-6772-478F-96EF-65F8264F6845} = {259C36B7-6772-478F-96EF-65F8264F6845}
		{267CCEBF-DF59-4446-A328-E2A92D4741EC} = {267CCEBF-DF59-4446-A328-E2A92D4741EC}
		{9EB902DD-3325-4F4C-A160-3595DD71BDA5} = {9EB902DD-3325-4F4C-A160-3595DD71BDA5}
	EndProjectSection
EndProject
Project("{8BC9CEB8-8B4A-11D0-8D11-00A0C91BC942}") = "os1_k2vmap32", "lib\k2vmap32\k2vmap32.vcxproj", "{7D981C13-874F-4C9A-97AB-4C92425F43A4}"
	ProjectSection(ProjectDependencies) = postProject
		{267CCEBF-DF59-4446-A328-E2A92D4741EC} = {267CCEBF-DF59-4446-A328-E2A92D4741EC}
	EndProjectSection
EndProject
Project("{8BC9CEB8-8B4A-11D0-8D11-00A0C91BC942}") = "k2heap", "lib\k2heap\k2heap.vcxproj", "{D5E252E8-5D91-4F8F-9AFD-67EE1C0BC5B5}"
	ProjectSection(ProjectDependencies) = postProject
		{FC3D69B2-C147-4D71-BB7C-A46D805E039A} = {FC3D69B2-C147-4D71-BB7C-A46D805E039A}
	EndProjectSection
EndProject
Project("{8BC9CEB8-8B4A-11D0-8D11-00A0C91BC942}") = "os1_k2ramheap", "lib\k2ramheap\k2ramheap.vcxproj", "{9386F905-705F-46CB-8AF6-B7EA33CB5E38}"
	ProjectSection(ProjectDependencies) = postProject
		{36E23D19-F314-4656-9BDC-FE11D41EF830} = {36E23D19-F314-4656-9BDC-FE11D41EF830}
		{D02C1F5F-80C9-46F3-80D9-63450D5131A4} = {D02C1F5F-80C9-46F3-80D9-63450D5131A4}
		{6470889E-25F9-45B9-A1F2-883D87C73ACF} = {6470889E-25F9-45B9-A1F2-883D87C73ACF}
		{FC3D69B2-C147-4D71-BB7C-A46D805E039A} = {FC3D69B2-C147-4D71-BB7C-A46D805E039A}
		{267CCEBF-DF59-4446-A328-E2A92D4741EC} = {267CCEBF-DF59-4446-A328-E2A92D4741EC}
		{9EB902DD-3325-4F4C-A160-3595DD71BDA5} = {9EB902DD-3325-4F4C-A160-3595DD71BDA5}
	EndProjectSection
EndProject
Project("{8BC9CEB8-8B4A-11D0-8D11-00A0C91BC942}") = "k2bit", "lib\k2bit\k2bit.vcxproj", "{9AA38ED5-5B1A-44AC-9F7A-903DBCF3EEAC}"
EndProject
Project("{8BC9CEB8-8B4A-11D0-8D11-00A0C91BC942}") = "k2zipfile", "lib\k2zipfile\k2zipfile.vcxproj", "{7CD79B83-6936-4CC4-ADB4-944AAA1DD584}"
	ProjectSection(ProjectDependencies) = postProject
		{30C9F540-AE50-4E53-AB8D-154DE959D486} = {30C9F540-AE50-4E53-AB8D-154DE959D486}
		{6470889E-25F9-45B9-A1F2-883D87C73ACF} = {6470889E-25F9-45B9-A1F2-883D87C73ACF}
		{267CCEBF-DF59-4446-A328-E2A92D4741EC} = {267CCEBF-DF59-4446-A328-E2A92D4741EC}
		{9EB902DD-3325-4F4C-A160-3595DD71BDA5} = {9EB902DD-3325-4F4C-A160-3595DD71BDA5}
	EndProjectSection
EndProject
Project("{8BC9CEB8-8B4A-11D0-8D11-00A0C91BC942}") = "k2sort", "lib\k2sort\k2sort.vcxproj", "{30C9F540-AE50-4E53-AB8D-154DE959D486}"
EndProject
Project("{8BC9CEB8-8B4A-11D0-8D11-00A0C91BC942}") = "zlib", "lib\zlib\zlib.vcxproj", "{47DBC145-D0DD-4F13-A117-E31DCE242130}"
EndProject
Project("{8BC9CEB8-8B4A-11D0-8D11-00A0C91BC942}") = "k2zipper", "exe\k2zipper\k2zipper.vcxproj", "{6A3A8633-3250-4B83-AD0F-1A7F8621763C}"
	ProjectSection(ProjectDependencies) = postProject
		{47DBC145-D0DD-4F13-A117-E31DCE242130} = {47DBC145-D0DD-4F13-A117-E31DCE242130}
		{82399B7E-928B-4755-8A77-D3026F95ABED} = {82399B7E-928B-4755-8A77-D3026F95ABED}
		{7CD79B83-6936-4CC4-ADB4-944AAA1DD584} = {7CD79B83-6936-4CC4-ADB4-944AAA1DD584}
		{267CCEBF-DF59-4446-A328-E2A92D4741EC} = {267CCEBF-DF59-4446-A328-E2A92D4741EC}
		{9EB902DD-3325-4F4C-A160-3595DD71BDA5} = {9EB902DD-3325-4F4C-A160-3595DD71BDA5}
		{4064DEED-563A-4591-9F7E-2F49FF44A567} = {4064DEED-563A-4591-9F7E-2F49FF44A567}
	EndProjectSection
EndProject
Project("{8BC9CEB8-8B4A-11D0-8D11-00A0C91BC942}") = "k2rofshelp", "lib\k2rofshelp\k2rofshelp.vcxproj", "{82399B7E-928B-4755-8A77-D3026F95ABED}"
EndProject
Project("{8BC9CEB8-8B4A-11D0-8D11-00A0C91BC942}") = "k2simkern", "exe\k2simkern\k2simkern.vcxproj", "{1B847E6E-14B5-42AF-8A01-E8F1D393E7B4}"
	ProjectSection(ProjectDependencies) = postProject
		{36E23D19-F314-4656-9BDC-FE11D41EF830} = {36E23D19-F314-4656-9BDC-FE11D41EF830}
		{4064DEED-563A-4591-9F7E-2F49FF44A567} = {4064DEED-563A-4591-9F7E-2F49FF44A567}
		{1A4421FE-5BC9-4DD7-90E2-9E9400C63F27} = {1A4421FE-5BC9-4DD7-90E2-9E9400C63F27}
	EndProjectSection
EndProject
Project("{8BC9CEB8-8B4A-11D0-8D11-00A0C91BC942}") = "os2_k2vmap32", "lib\os2_k2vmap32\os2_k2vmap32.vcxproj", "{243BC47E-5488-457F-B4CF-5C77AA500BC1}"
EndProject
Project("{8BC9CEB8-8B4A-11D0-8D11-00A0C91BC942}") = "k2ramheaps", "lib\k2ramheaps\k2ramheaps.vcxproj", "{1A4421FE-5BC9-4DD7-90E2-9E9400C63F27}"
	ProjectSection(ProjectDependencies) = postProject
		{36E23D19-F314-4656-9BDC-FE11D41EF830} = {36E23D19-F314-4656-9BDC-FE11D41EF830}
		{FC3D69B2-C147-4D71-BB7C-A46D805E039A} = {FC3D69B2-C147-4D71-BB7C-A46D805E039A}
		{267CCEBF-DF59-4446-A328-E2A92D4741EC} = {267CCEBF-DF59-4446-A328-E2A92D4741EC}
	EndProjectSection
EndProject
Global
	GlobalSection(SolutionConfigurationPlatforms) = preSolution
		Debug|x86 = Debug|x86
	EndGlobalSection
	GlobalSection(ProjectConfigurationPlatforms) = postSolution
		{4064DEED-563A-4591-9F7E-2F49FF44A567}.Debug|x86.ActiveCfg = Debug|Win32
		{4064DEED-563A-4591-9F7E-2F49FF44A567}.Debug|x86.Build.0 = Debug|Win32
		{267CCEBF-DF59-4446-A328-E2A92D4741EC}.Debug|x86.ActiveCfg = Debug|Win32
		{267CCEBF-DF59-4446-A328-E2A92D4741EC}.Debug|x86.Build.0 = Debug|Win32
		{9A213BDB-4CA5-4EF7-A331-8878F5CF3214}.Debug|x86.ActiveCfg = Debug|Win32
		{9A213BDB-4CA5-4EF7-A331-8878F5CF3214}.Debug|x86.Build.0 = Debug|Win32
		{6470889E-25F9-45B9-A1F2-883D87C73ACF}.Debug|x86.ActiveCfg = Debug|Win32
		{6470889E-25F9-45B9-A1F2-883D87C73ACF}.Debug|x86.Build.0 = Debug|Win32
		{D02C1F5F-80C9-46F3-80D9-63450D5131A4}.Debug|x86.ActiveCfg = Debug|Win32
		{D02C1F5F-80C9-46F3-80D9-63450D5131A4}.Debug|x86.Build.0 = Debug|Win32
		{259C36B7-6772-478F-96EF-65F8264F6845}.Debug|x86.ActiveCfg = Debug|Win32
		{259C36B7-6772-478F-96EF-65F8264F6845}.Debug|x86.Build.0 = Debug|Win32
		{2091B33B-A749-4936-9ECB-2DD89C04535B}.Debug|x86.ActiveCfg = Debug|Win32
		{2091B33B-A749-4936-9ECB-2DD89C04535B}.Debug|x86.Build.0 = Debug|Win32
		{2093A6A0-66C5-4FCE-8613-24C305DE5CE6}.Debug|x86.ActiveCfg = Debug|Win32
		{2093A6A0-66C5-4FCE-8613-24C305DE5CE6}.Debug|x86.Build.0 = Debug|Win32
		{9EB902DD-3325-4F4C-A160-3595DD71BDA5}.Debug|x86.ActiveCfg = Debug|Win32
		{9EB902DD-3325-4F4C-A160-3595DD71BDA5}.Debug|x86.Build.0 = Debug|Win32
		{FC3D69B2-C147-4D71-BB7C-A46D805E039A}.Debug|x86.ActiveCfg = Debug|Win32
		{FC3D69B2-C147-4D71-BB7C-A46D805E039A}.Debug|x86.Build.0 = Debug|Win32
		{36E23D19-F314-4656-9BDC-FE11D41EF830}.Debug|x86.ActiveCfg = Debug|Win32
		{36E23D19-F314-4656-9BDC-FE11D41EF830}.Debug|x86.Build.0 = Debug|Win32
		{F47AFB40-840B-453A-A4D9-FFA5318E5555}.Debug|x86.ActiveCfg = Debug|Win32
		{F47AFB40-840B-453A-A4D9-FFA5318E5555}.Debug|x86.Build.0 = Debug|Win32
		{CA8710E7-AB7E-4C90-9369-1F1A4E65DEC0}.Debug|x86.ActiveCfg = Debug|Win32
		{CA8710E7-AB7E-4C90-9369-1F1A4E65DEC0}.Debug|x86.Build.0 = Debug|Win32
		{7D981C13-874F-4C9A-97AB-4C92425F43A4}.Debug|x86.ActiveCfg = Debug|Win32
		{7D981C13-874F-4C9A-97AB-4C92425F43A4}.Debug|x86.Build.0 = Debug|Win32
		{D5E252E8-5D91-4F8F-9AFD-67EE1C0BC5B5}.Debug|x86.ActiveCfg = Debug|Win32
		{D5E252E8-5D91-4F8F-9AFD-67EE1C0BC5B5}.Debug|x86.Build.0 = Debug|Win32
		{9386F905-705F-46CB-8AF6-B7EA33CB5E38}.Debug|x86.ActiveCfg = Debug|Win32
		{9386F905-705F-46CB-8AF6-B7EA33CB5E38}.Debug|x86.Build.0 = Debug|Win32
		{9AA38ED5-5B1A-44AC-9F7A-903DBCF3EEAC}.Debug|x86.ActiveCfg = Debug|Win32
		{9AA38ED5-5B1A-44AC-9F7A-903DBCF3EEAC}.Debug|x86.Build.0 = Debug|Win32
		{7CD79B83-6936-4CC4-ADB4-944AAA1DD584}.Debug|x86.ActiveCfg = Debug|Win32
		{7CD79B83-6936-4CC4-ADB4-944AAA1DD584}.Debug|x86.Build.0 = Debug|Win32
		{30C9F540-AE50-4E53-AB8D-154DE959D486}.Debug|x86.ActiveCfg = Debug|Win32
		{30C9F540-AE50-4E53-AB8D-154DE959D486}.Debug|x86.Build.0 = Debug|Win32
		{47DBC145-D0DD-4F13-A117-E31DCE242130}.Debug|x86.ActiveCfg = Debug|Win32
		{47DBC145-D0DD-4F13-A117-E31DCE242130}.Debug|x86.Build.0 = Debug|Win32
		{6A3A8633-3250-4B83-AD0F-1A7F8621763C}.Debug|x86.ActiveCfg = Debug|Win32
		{6A3A8633-3250-4B83-AD0F-1A7F8621763C}.Debug|x86.Build.0 = Debug|Win32
		{82399B7E-928B-4755-8A77-D3026F95ABED}.Debug|x86.ActiveCfg = Debug|Win32
		{82399B7E-928B-4755-8A77-D3026F95ABED}.Debug|x86.Build.0 = Debug|Win32
		{1B847E6E-14B5-42AF-8A01-E8F1D393E7B4}.Debug|x86.ActiveCfg = Debug|Win32
		{1B847E6E-14B5-42AF-8A01-E8F1D393E7B4}.Debug|x86.Build.0 = Debug|Win32
		{243BC47E-5488-457F-B4CF-5C77AA500BC1}.Debug|x86.ActiveCfg = Debug|Win32
		{243BC47E-5488-457F-B4CF-5C77AA500BC1}.Debug|x86.Build.0 = Debug|Win32
		{1A4421FE-5BC9-4DD7-90E2-9E9400C63F27}.Debug|x86.ActiveCfg = Debug|Win32
		{1A4421FE-5BC9-4DD7-90E2-9E9400C63F27}.Debug|x86.Build.0 = Debug|Win32
	EndGlobalSection
	GlobalSection(SolutionProperties) = preSolution
		HideSolutionNode = FALSE
	EndGlobalSection
	GlobalSection(ExtensibilityGlobals) = postSolution
		SolutionGuid = {6F3C53A4-1DCA-4F5E-8A40-A892248AE14D}
	EndGlobalSection
EndGlobal
